
Microsoft Visual Studio Solution File, Format Version 12.00
# Visual Studio 15
VisualStudioVersion = 15.0.28307.329
MinimumVisualStudioVersion = 10.0.40219.1
Project("{9A19103F-16F7-4668-BE54-9A1E7A4F7556}") = "Xamarin", "Xamarin.csproj", "{FC489D10-655F-44F7-AC59-F583F13D9C30}"
EndProject
Project("{2150E333-8FDC-42A3-9474-1A3956D46DE8}") = ".solution", ".solution", "{36FB840A-2545-4F2C-A6EA-3B2BC475A1A3}"
	ProjectSection(SolutionItems) = preProject
		..\..\.gitignore = ..\..\.gitignore
		..\..\LICENSE = ..\..\LICENSE
		..\..\README.md = ..\..\README.md
	EndProjectSection
EndProject
Global
	GlobalSection(SolutionConfigurationPlatforms) = preSolution
		Debug|Any CPU = Debug|Any CPU
		Release|Any CPU = Release|Any CPU
	EndGlobalSection
	GlobalSection(ProjectConfigurationPlatforms) = postSolution
		{FC489D10-655F-44F7-AC59-F583F13D9C30}.Debug|Any CPU.ActiveCfg = Debug|Any CPU
		{FC489D10-655F-44F7-AC59-F583F13D9C30}.Debug|Any CPU.Build.0 = Debug|Any CPU
		{FC489D10-655F-44F7-AC59-F583F13D9C30}.Release|Any CPU.ActiveCfg = Release|Any CPU
		{FC489D10-655F-44F7-AC59-F583F13D9C30}.Release|Any CPU.Build.0 = Release|Any CPU
	EndGlobalSection
	GlobalSection(SolutionProperties) = preSolution
		HideSolutionNode = FALSE
	EndGlobalSection
	GlobalSection(ExtensibilityGlobals) = postSolution
		SolutionGuid = {F53908E0-08CA-47C4-A446-25D0B9229189}
	EndGlobalSection
EndGlobal
